
Microsoft Visual Studio Solution File, Format Version 12.00
# Visual Studio 15
VisualStudioVersion = 15.0.26403.7
MinimumVisualStudioVersion = 10.0.40219.1
Project("{FAE04EC0-301F-11D3-BF4B-00C04F79EFBC}") = "DataAccess", "DataAccess\DataAccess.csproj", "{062871BC-1EC8-4D55-AEA7-C9536177BBFE}"
EndProject
Project("{FAE04EC0-301F-11D3-BF4B-00C04F79EFBC}") = "Entities", "Entities\Entities.csproj", "{39E98178-EEE0-40FA-BB76-DC81602094CD}"
EndProject
Project("{FAE04EC0-301F-11D3-BF4B-00C04F79EFBC}") = "Business", "Business\Business.csproj", "{231F3730-C0B8-4793-BD03-C7473ECB0829}"
EndProject
Project("{FAE04EC0-301F-11D3-BF4B-00C04F79EFBC}") = "ConsoleUI", "ConsoleUI\ConsoleUI.csproj", "{2BBABC1B-7335-469B-82B3-BDC64D434B20}"
EndProject
Global
	GlobalSection(SolutionConfigurationPlatforms) = preSolution
		Debug|Any CPU = Debug|Any CPU
		Release|Any CPU = Release|Any CPU
	EndGlobalSection
	GlobalSection(ProjectConfigurationPlatforms) = postSolution
		{062871BC-1EC8-4D55-AEA7-C9536177BBFE}.Debug|Any CPU.ActiveCfg = Debug|Any CPU
		{062871BC-1EC8-4D55-AEA7-C9536177BBFE}.Debug|Any CPU.Build.0 = Debug|Any CPU
		{062871BC-1EC8-4D55-AEA7-C9536177BBFE}.Release|Any CPU.ActiveCfg = Release|Any CPU
		{062871BC-1EC8-4D55-AEA7-C9536177BBFE}.Release|Any CPU.Build.0 = Release|Any CPU
		{39E98178-EEE0-40FA-BB76-DC81602094CD}.Debug|Any CPU.ActiveCfg = Debug|Any CPU
		{39E98178-EEE0-40FA-BB76-DC81602094CD}.Debug|Any CPU.Build.0 = Debug|Any CPU
		{39E98178-EEE0-40FA-BB76-DC81602094CD}.Release|Any CPU.ActiveCfg = Release|Any CPU
		{39E98178-EEE0-40FA-BB76-DC81602094CD}.Release|Any CPU.Build.0 = Release|Any CPU
		{231F3730-C0B8-4793-BD03-C7473ECB0829}.Debug|Any CPU.ActiveCfg = Debug|Any CPU
		{231F3730-C0B8-4793-BD03-C7473ECB0829}.Debug|Any CPU.Build.0 = Debug|Any CPU
		{231F3730-C0B8-4793-BD03-C7473ECB0829}.Release|Any CPU.ActiveCfg = Release|Any CPU
		{231F3730-C0B8-4793-BD03-C7473ECB0829}.Release|Any CPU.Build.0 = Release|Any CPU
		{2BBABC1B-7335-469B-82B3-BDC64D434B20}.Debug|Any CPU.ActiveCfg = Debug|Any CPU
		{2BBABC1B-7335-469B-82B3-BDC64D434B20}.Debug|Any CPU.Build.0 = Debug|Any CPU
		{2BBABC1B-7335-469B-82B3-BDC64D434B20}.Release|Any CPU.ActiveCfg = Release|Any CPU
		{2BBABC1B-7335-469B-82B3-BDC64D434B20}.Release|Any CPU.Build.0 = Release|Any CPU
	EndGlobalSection
	GlobalSection(SolutionProperties) = preSolution
		HideSolutionNode = FALSE
	EndGlobalSection
EndGlobal
